
Microsoft Visual Studio Solution File, Format Version 12.00
# Visual Studio Version 17
VisualStudioVersion = 17.9.34714.143
MinimumVisualStudioVersion = 10.0.40219.1
Project("{9A19103F-16F7-4668-BE54-9A1E7A4F7556}") = "FoodPlus", "FoodPlus.csproj", "{8CC13085-6394-4593-A0A6-89DBFCC069E3}"
EndProject
Global
	GlobalSection(SolutionConfigurationPlatforms) = preSolution
		Debug|Any CPU = Debug|Any CPU
		Release|Any CPU = Release|Any CPU
	EndGlobalSection
	GlobalSection(ProjectConfigurationPlatforms) = postSolution
		{8CC13085-6394-4593-A0A6-89DBFCC069E3}.Debug|Any CPU.ActiveCfg = Debug|Any CPU
		{8CC13085-6394-4593-A0A6-89DBFCC069E3}.Debug|Any CPU.Build.0 = Debug|Any CPU
		{8CC13085-6394-4593-A0A6-89DBFCC069E3}.Release|Any CPU.ActiveCfg = Release|Any CPU
		{8CC13085-6394-4593-A0A6-89DBFCC069E3}.Release|Any CPU.Build.0 = Release|Any CPU
	EndGlobalSection
	GlobalSection(SolutionProperties) = preSolution
		HideSolutionNode = FALSE
	EndGlobalSection
	GlobalSection(ExtensibilityGlobals) = postSolution
		SolutionGuid = {734C7097-B604-4892-B482-098391EB3748}
	EndGlobalSection
EndGlobal
